
Microsoft Visual Studio Solution File, Format Version 12.00
# Visual Studio 15
Project("{FAE04EC0-301F-11D3-BF4B-00C04F79EFBC}") = "Assembly-CSharp", "Assembly-CSharp.csproj", "{C72611FD-9BF4-73F5-A5B6-D56DAC756113}"
EndProject
Project("{FAE04EC0-301F-11D3-BF4B-00C04F79EFBC}") = "Assembly-CSharp-Editor", "Assembly-CSharp-Editor.csproj", "{6450763A-84CA-4FB1-3F38-EEFCCF0F280B}"
EndProject
Global
	GlobalSection(SolutionConfigurationPlatforms) = preSolution
		Debug|Any CPU = Debug|Any CPU
		Release|Any CPU = Release|Any CPU
	EndGlobalSection
	GlobalSection(ProjectConfigurationPlatforms) = postSolution
		{C72611FD-9BF4-73F5-A5B6-D56DAC756113}.Debug|Any CPU.ActiveCfg = Debug|Any CPU
		{C72611FD-9BF4-73F5-A5B6-D56DAC756113}.Debug|Any CPU.Build.0 = Debug|Any CPU
		{C72611FD-9BF4-73F5-A5B6-D56DAC756113}.Release|Any CPU.ActiveCfg = Release|Any CPU
		{C72611FD-9BF4-73F5-A5B6-D56DAC756113}.Release|Any CPU.Build.0 = Release|Any CPU
		{6450763A-84CA-4FB1-3F38-EEFCCF0F280B}.Debug|Any CPU.ActiveCfg = Debug|Any CPU
		{6450763A-84CA-4FB1-3F38-EEFCCF0F280B}.Debug|Any CPU.Build.0 = Debug|Any CPU
		{6450763A-84CA-4FB1-3F38-EEFCCF0F280B}.Release|Any CPU.ActiveCfg = Release|Any CPU
		{6450763A-84CA-4FB1-3F38-EEFCCF0F280B}.Release|Any CPU.Build.0 = Release|Any CPU
	EndGlobalSection
	GlobalSection(SolutionProperties) = preSolution
		HideSolutionNode = FALSE
	EndGlobalSection
EndGlobal
