
Microsoft Visual Studio Solution File, Format Version 12.00
# Visual Studio 15
Project("{FAE04EC0-301F-11D3-BF4B-00C04F79EFBC}") = "Dragon-RPG", "Dragon-RPG.csproj", "{BCAC38B5-8B0A-6A5C-48D0-6ED7AC81E46C}"
EndProject
Project("{FAE04EC0-301F-11D3-BF4B-00C04F79EFBC}") = "Dragon-RPG.Editor", "Dragon-RPG.Editor.csproj", "{46B4BCC4-880B-937A-7140-DE1779590EB1}"
EndProject
Global
	GlobalSection(SolutionConfigurationPlatforms) = preSolution
		Debug|Any CPU = Debug|Any CPU
		Release|Any CPU = Release|Any CPU
	EndGlobalSection
	GlobalSection(ProjectConfigurationPlatforms) = postSolution
		{BCAC38B5-8B0A-6A5C-48D0-6ED7AC81E46C}.Debug|Any CPU.ActiveCfg = Debug|Any CPU
		{BCAC38B5-8B0A-6A5C-48D0-6ED7AC81E46C}.Debug|Any CPU.Build.0 = Debug|Any CPU
		{BCAC38B5-8B0A-6A5C-48D0-6ED7AC81E46C}.Release|Any CPU.ActiveCfg = Release|Any CPU
		{BCAC38B5-8B0A-6A5C-48D0-6ED7AC81E46C}.Release|Any CPU.Build.0 = Release|Any CPU
		{46B4BCC4-880B-937A-7140-DE1779590EB1}.Debug|Any CPU.ActiveCfg = Debug|Any CPU
		{46B4BCC4-880B-937A-7140-DE1779590EB1}.Debug|Any CPU.Build.0 = Debug|Any CPU
		{46B4BCC4-880B-937A-7140-DE1779590EB1}.Release|Any CPU.ActiveCfg = Release|Any CPU
		{46B4BCC4-880B-937A-7140-DE1779590EB1}.Release|Any CPU.Build.0 = Release|Any CPU
	EndGlobalSection
	GlobalSection(SolutionProperties) = preSolution
		HideSolutionNode = FALSE
	EndGlobalSection
EndGlobal
